
Microsoft Visual Studio Solution File, Format Version 12.00
# Visual Studio 2012
Project("{FAE04EC0-301F-11D3-BF4B-00C04F79EFBC}") = "ConsoleVerification", "ConsoleVerification\ConsoleVerification.csproj", "{00961CF7-23A9-4DBE-9AA0-21F9B2E7932F}"
EndProject
Project("{FAE04EC0-301F-11D3-BF4B-00C04F79EFBC}") = "ForgetTheMilks", "ForgetTheMilks\ForgetTheMilks.csproj", "{6DC030D8-6CDD-4308-87D2-9574CDFF95AE}"
EndProject
Project("{FAE04EC0-301F-11D3-BF4B-00C04F79EFBC}") = "ForgetTheMilks.Tests", "ForgetTheMilks.Tests\ForgetTheMilks.Tests.csproj", "{D5667E24-CC25-45F7-BB85-7F5F987C7916}"
EndProject
Global
	GlobalSection(SolutionConfigurationPlatforms) = preSolution
		Debug|Any CPU = Debug|Any CPU
		Release|Any CPU = Release|Any CPU
	EndGlobalSection
	GlobalSection(ProjectConfigurationPlatforms) = postSolution
		{00961CF7-23A9-4DBE-9AA0-21F9B2E7932F}.Debug|Any CPU.ActiveCfg = Debug|Any CPU
		{00961CF7-23A9-4DBE-9AA0-21F9B2E7932F}.Debug|Any CPU.Build.0 = Debug|Any CPU
		{00961CF7-23A9-4DBE-9AA0-21F9B2E7932F}.Release|Any CPU.ActiveCfg = Release|Any CPU
		{00961CF7-23A9-4DBE-9AA0-21F9B2E7932F}.Release|Any CPU.Build.0 = Release|Any CPU
		{6DC030D8-6CDD-4308-87D2-9574CDFF95AE}.Debug|Any CPU.ActiveCfg = Debug|Any CPU
		{6DC030D8-6CDD-4308-87D2-9574CDFF95AE}.Debug|Any CPU.Build.0 = Debug|Any CPU
		{6DC030D8-6CDD-4308-87D2-9574CDFF95AE}.Release|Any CPU.ActiveCfg = Release|Any CPU
		{6DC030D8-6CDD-4308-87D2-9574CDFF95AE}.Release|Any CPU.Build.0 = Release|Any CPU
		{D5667E24-CC25-45F7-BB85-7F5F987C7916}.Debug|Any CPU.ActiveCfg = Debug|Any CPU
		{D5667E24-CC25-45F7-BB85-7F5F987C7916}.Debug|Any CPU.Build.0 = Debug|Any CPU
		{D5667E24-CC25-45F7-BB85-7F5F987C7916}.Release|Any CPU.ActiveCfg = Release|Any CPU
		{D5667E24-CC25-45F7-BB85-7F5F987C7916}.Release|Any CPU.Build.0 = Release|Any CPU
	EndGlobalSection
EndGlobal
